github.com/antlr/antlr4/runtime/Go/antlr/v4 v4.0.0-20230512164433-5d1fd1a340c9 h1:goHVqTbFX3AIo0tzGr14pgfAW2ZfPChKO21Z9MGf/gk=
github.com/antlr/antlr4/runtime/Go/antlr/v4 v4.0.0-20230512164433-5d1fd1a340c9/go.mod h1:pSwJ0fSY5KhvocuWSx4fz3BA8OrA1bQn+K1Eli3BRwM=
github.com/go-chi/chi v1.5.5 h1:vOB/HbEMt9QqBqErz07QehcOKHaWFtuj87tTDVz2qXE=
github.com/go-chi/chi v1.5.5/go.mod h1:C9JqLr3tIYjDOZpzn+BCuxY8z8vmca43EeMgyZt7irw=
github.com/google/uuid v1.6.0 h1:NIvaJDMOsjHA8n1jAhLSgzrAzy1Hgr+hNrb57e+94F0=
github.com/google/uuid v1.6.0/go.mod h1:TIyPZe4MgqvfeYDBFedMoGGpEw/LqOeaOT+nhxU+yHo=
github.com/jinzhu/inflection v1.0.0 h1:K317FqzuhWc8YvSVlFMCCUb36O/S9MCKRDI7QkRKD/E=
github.com/jinzhu/inflection v1.0.0/go.mod h1:h+uFLlag+Qp1Va5pdKtLDYj+kHp5pxUVkryuEj+Srlc=
github.com/jinzhu/now v1.1.5 h1:/o9tlHleP7gOFmsnYNz3RGnqzefHA47wQpKrrdTIwXQ=
github.com/jinzhu/now v1.1.5/go.mod h1:d3SSVoowX0Lcu0IBviAWJpolVfI5UJVZZ7cO71lE/z8=
github.com/libsql/sqlite-antlr4-parser v0.0.0-20230802215326-5cb5bb604475 h1:6PfEMwfInASh9hkN83aR0j4W/eKaAZt/AURtXAXlas0=
github.com/libsql/sqlite-antlr4-parser v0.0.0-20230802215326-5cb5bb604475/go.mod h1:20nXSmcf0nAscrzqsXeC2/tA3KkV2eCiJqYuyAgl+ss=
github.com/renxzen/gorm-libsql v0.0.0-20240302231413-bea2dce63ac6 h1:CzzSOiEEkQaRZdC5tQewTtE6uf/UHmGi4JDWgwehy50=
github.com/renxzen/gorm-libsql v0.0.0-20240302231413-bea2dce63ac6/go.mod h1:EvD+uR6HNKgWTXuYpIs/upuWrGr+8rPpmc+wiBybR/k=
github.com/tursodatabase/libsql-client-go v0.0.0-20240220085343-4ae0eb9d0898 h1:1MvEhzI5pvP27e9Dzz861mxk9WzXZLSJwzOU67cKTbU=
github.com/tursodatabase/libsql-client-go v0.0.0-20240220085343-4ae0eb9d0898/go.mod h1:9bKuHS7eZh/0mJndbUOrCx8Ej3PlsRDszj4L7oVYMPQ=
golang.org/x/exp v0.0.0-20240222234643-814bf88cf225 h1:LfspQV/FYTatPTr/3HzIcmiUFH7PGP+OQ6mgDYo3yuQ=
golang.org/x/exp v0.0.0-20240222234643-814bf88cf225/go.mod h1:CxmFvTBINI24O/j8iY7H1xHzx2i4OsyguNBmN/uPtqc=
golang.org/x/time v0.5.0 h1:o7cqy6amK/52YcAKIPlM3a+Fpj35zvRj2TP+e1xFSfk=
golang.org/x/time v0.5.0/go.mod h1:3BpzKBy/shNhVucY/MWOyx10tF3SFh9QdLuxbVysPQM=
gorm.io/gorm v1.25.7 h1:VsD6acwRjz2zFxGO50gPO6AkNs7KKnvfzUjHQhZDz/A=
gorm.io/gorm v1.25.7/go.mod h1:hbnx/Oo0ChWMn1BIhpy1oYozzpM15i4YPuHDmfYtwg8=
nhooyr.io/websocket v1.8.10 h1:mv4p+MnGrLDcPlBoWsvPP7XCzTYMXP9F9eIGoKbgx7Q=
nhooyr.io/websocket v1.8.10/go.mod h1:rN9OFWIUwuxg4fR5tELlYC04bXYowCP9GX47ivo2l+c=
